
Microsoft Visual Studio Solution File, Format Version 12.00
# Visual Studio Version 17
VisualStudioVersion = 17.3.32901.215
MinimumVisualStudioVersion = 10.0.40219.1
Project("{FAE04EC0-301F-11D3-BF4B-00C04F79EFBC}") = "TextDocument", "TextDocument\TextDocument.csproj", "{9B309F95-24E6-4453-94FE-14D0B70EDF47}"
EndProject
Global
	GlobalSection(SolutionConfigurationPlatforms) = preSolution
		Debug|Any CPU = Debug|Any CPU
		Release|Any CPU = Release|Any CPU
	EndGlobalSection
	GlobalSection(ProjectConfigurationPlatforms) = postSolution
		{9B309F95-24E6-4453-94FE-14D0B70EDF47}.Debug|Any CPU.ActiveCfg = Debug|Any CPU
		{9B309F95-24E6-4453-94FE-14D0B70EDF47}.Debug|Any CPU.Build.0 = Debug|Any CPU
		{9B309F95-24E6-4453-94FE-14D0B70EDF47}.Release|Any CPU.ActiveCfg = Release|Any CPU
		{9B309F95-24E6-4453-94FE-14D0B70EDF47}.Release|Any CPU.Build.0 = Release|Any CPU
	EndGlobalSection
	GlobalSection(SolutionProperties) = preSolution
		HideSolutionNode = FALSE
	EndGlobalSection
	GlobalSection(ExtensibilityGlobals) = postSolution
		SolutionGuid = {893B56C5-4CE3-407A-A9A2-F3A250DAD25F}
	EndGlobalSection
EndGlobal
